
Microsoft Visual Studio Solution File, Format Version 12.00
# Visual Studio Version 17
VisualStudioVersion = 17.0.31903.59
MinimumVisualStudioVersion = 10.0.40219.1
Project("{2150E333-8FDC-42A3-9474-1A3956D46DE8}") = "src", "src", "{AFC80AC5-28AA-4BB9-9A68-696186810325}"
EndProject
Project("{2150E333-8FDC-42A3-9474-1A3956D46DE8}") = "tests", "tests", "{6BF9A09E-4320-4906-9FE5-385DE82AA4B0}"
EndProject
Project("{FAE04EC0-301F-11D3-BF4B-00C04F79EFBC}") = "UnitTests", "tests\UnitTests\UnitTests.csproj", "{CF60FDC8-EEF4-4C82-B325-B3A2C5319F57}"
EndProject
Project("{FAE04EC0-301F-11D3-BF4B-00C04F79EFBC}") = "PersonalFinances", "src\PersonalFinances\PersonalFinances.csproj", "{A858557A-67C7-435D-A299-DA2304C9C64A}"
EndProject
Global
	GlobalSection(SolutionConfigurationPlatforms) = preSolution
		Debug|Any CPU = Debug|Any CPU
		Release|Any CPU = Release|Any CPU
	EndGlobalSection
	GlobalSection(ProjectConfigurationPlatforms) = postSolution
		{CF60FDC8-EEF4-4C82-B325-B3A2C5319F57}.Debug|Any CPU.ActiveCfg = Debug|Any CPU
		{CF60FDC8-EEF4-4C82-B325-B3A2C5319F57}.Debug|Any CPU.Build.0 = Debug|Any CPU
		{CF60FDC8-EEF4-4C82-B325-B3A2C5319F57}.Release|Any CPU.ActiveCfg = Release|Any CPU
		{CF60FDC8-EEF4-4C82-B325-B3A2C5319F57}.Release|Any CPU.Build.0 = Release|Any CPU
		{A858557A-67C7-435D-A299-DA2304C9C64A}.Debug|Any CPU.ActiveCfg = Debug|Any CPU
		{A858557A-67C7-435D-A299-DA2304C9C64A}.Debug|Any CPU.Build.0 = Debug|Any CPU
		{A858557A-67C7-435D-A299-DA2304C9C64A}.Release|Any CPU.ActiveCfg = Release|Any CPU
		{A858557A-67C7-435D-A299-DA2304C9C64A}.Release|Any CPU.Build.0 = Release|Any CPU
	EndGlobalSection
	GlobalSection(SolutionProperties) = preSolution
		HideSolutionNode = FALSE
	EndGlobalSection
	GlobalSection(NestedProjects) = preSolution
		{CF60FDC8-EEF4-4C82-B325-B3A2C5319F57} = {6BF9A09E-4320-4906-9FE5-385DE82AA4B0}
		{A858557A-67C7-435D-A299-DA2304C9C64A} = {AFC80AC5-28AA-4BB9-9A68-696186810325}
	EndGlobalSection
EndGlobal
